PODS:
  - DraggableCollectionView (0.1)
  - FSQCollectionViewAlignedLayout (1.1.1)
  - LMArrayChangeSets (0.1.3)
  - SEDraggable (1.0.0)
  - TZStackView (1.1.2)

DEPENDENCIES:
  - DraggableCollectionView (from `https://github.com/zvonicek/DraggableCollectionView.git`)
  - FSQCollectionViewAlignedLayout (~> 1.1)
  - LMArrayChangeSets (~> 0.1)
  - SEDraggable (from `https://github.com/zvonicek/iOS-DragAndDrop.git`)
  - TZStackView (~> 1.1)

EXTERNAL SOURCES:
  DraggableCollectionView:
    :git: https://github.com/zvonicek/DraggableCollectionView.git
  SEDraggable:
    :git: https://github.com/zvonicek/iOS-DragAndDrop.git

CHECKOUT OPTIONS:
  DraggableCollectionView:
    :commit: de5cd66d92f10e463615aa18c7bfa83d60b34bff
    :git: https://github.com/zvonicek/DraggableCollectionView.git
  SEDraggable:
    :commit: 28449117969e8bb1640195f4e19b3ed53231bc7f
    :git: https://github.com/zvonicek/iOS-DragAndDrop.git

SPEC CHECKSUMS:
  DraggableCollectionView: b6d1a6239f263577869ab2bf868af82b2dfc056a
  FSQCollectionViewAlignedLayout: 122006b230bf5635ae159f1ad1eaa9b5ef11391e
  LMArrayChangeSets: 141a8321bdaba14a03fc5520bc869f2cfc7ed273
  SEDraggable: aacb2e95742fb51760dfdbe372fb9e3e19ab666b
  TZStackView: 19aeaa414fb653f4be9b80a73f4f0c66e33bf033

COCOAPODS: 0.39.0
