// !$*UTF8*$!
{
	archiveVersion = 1;
	classes = {
	};
	objectVersion = 46;
	objects = {

/* Begin PBXBuildFile section */
		D013F4D81C14861800DF8769 /* ScaleControl.swift in Sources */ = {isa = PBXBuildFile; fileRef = D013F4D71C14861800DF8769 /* ScaleControl.swift */; };
		D013F4DD1C163B6600DF8769 /* ScaleTaskView.xib in Resources */ = {isa = PBXBuildFile; fileRef = D013F4DC1C163B6600DF8769 /* ScaleTaskView.xib */; };
		D013F4DF1C163B7400DF8769 /* ScaleTaskView.swift in Sources */ = {isa = PBXBuildFile; fileRef = D013F4DE1C163B7400DF8769 /* ScaleTaskView.swift */; };
		D013F4E11C16423900DF8769 /* ScaleTask.swift in Sources */ = {isa = PBXBuildFile; fileRef = D013F4E01C16423900DF8769 /* ScaleTask.swift */; };
		D08F523C1BF1368D000F840B /* GameRun.swift in Sources */ = {isa = PBXBuildFile; fileRef = D08F523B1BF1368D000F840B /* GameRun.swift */; };
		D08F52401BF1394A000F840B /* HeaderView.swift in Sources */ = {isa = PBXBuildFile; fileRef = D08F523F1BF1394A000F840B /* HeaderView.swift */; };
		D08F52421BF13971000F840B /* GameListCollectionViewCell.swift in Sources */ = {isa = PBXBuildFile; fileRef = D08F52411BF13971000F840B /* GameListCollectionViewCell.swift */; };
		D08F52441BF15ED2000F840B /* Extensions.swift in Sources */ = {isa = PBXBuildFile; fileRef = D08F52431BF15ED2000F840B /* Extensions.swift */; };
		D0A10E281C0FB15C007F0D91 /* GameCompletedViewController.swift in Sources */ = {isa = PBXBuildFile; fileRef = D0A10E271C0FB15C007F0D91 /* GameCompletedViewController.swift */; };
		D0B138961BFE7BAF00BEA9C7 /* KKProgressTimer.m in Sources */ = {isa = PBXBuildFile; fileRef = D0B138951BFE7BAF00BEA9C7 /* KKProgressTimer.m */; };
		D0B138991BFE8EFB00BEA9C7 /* GameHeaderView.swift in Sources */ = {isa = PBXBuildFile; fileRef = D0B138981BFE8EFB00BEA9C7 /* GameHeaderView.swift */; };
		D0C0CC141C0B4ED300D93B83 /* GameOverViewController.swift in Sources */ = {isa = PBXBuildFile; fileRef = D0C0CC131C0B4ED300D93B83 /* GameOverViewController.swift */; };
		D0C0CC161C0B541400D93B83 /* GradientView.swift in Sources */ = {isa = PBXBuildFile; fileRef = D0C0CC151C0B541400D93B83 /* GradientView.swift */; };
		D0C0CC181C0B992B00D93B83 /* ClosedEndedTaskView.swift in Sources */ = {isa = PBXBuildFile; fileRef = D0C0CC171C0B992B00D93B83 /* ClosedEndedTaskView.swift */; };
		D0C0CC1A1C0B993500D93B83 /* ClosedEndedTaskView.xib in Resources */ = {isa = PBXBuildFile; fileRef = D0C0CC191C0B993500D93B83 /* ClosedEndedTaskView.xib */; };
		D0C0CC1C1C0B9D4700D93B83 /* TZStackView.framework in Frameworks */ = {isa = PBXBuildFile; fileRef = D0C0CC1B1C0B9D4700D93B83 /* TZStackView.framework */; };
		D0C0CC201C0BA50400D93B83 /* TZStackView.framework in CopyFiles */ = {isa = PBXBuildFile; fileRef = D0C0CC1B1C0B9D4700D93B83 /* TZStackView.framework */; settings = {ATTRIBUTES = (CodeSignOnCopy, RemoveHeadersOnCopy, ); }; };
		D0C0CC231C0BA64C00D93B83 /* ClosedEndedButton.swift in Sources */ = {isa = PBXBuildFile; fileRef = D0C0CC221C0BA64C00D93B83 /* ClosedEndedButton.swift */; };
		D0C0CC261C0CDAE800D93B83 /* NumericTask.swift in Sources */ = {isa = PBXBuildFile; fileRef = D0C0CC251C0CDAE800D93B83 /* NumericTask.swift */; };
		D0C0CC281C0CDAF500D93B83 /* ClosedEndedTask.swift in Sources */ = {isa = PBXBuildFile; fileRef = D0C0CC271C0CDAF500D93B83 /* ClosedEndedTask.swift */; };
		D0C0CC321C0E272700D93B83 /* UnitsGames.swift in Sources */ = {isa = PBXBuildFile; fileRef = D0C0CC311C0E272700D93B83 /* UnitsGames.swift */; };
		D0C0CC341C0E27A800D93B83 /* MoneyGames.swift in Sources */ = {isa = PBXBuildFile; fileRef = D0C0CC331C0E27A800D93B83 /* MoneyGames.swift */; };
		D0C900E21BEDFE3400A15F32 /* AppDelegate.swift in Sources */ = {isa = PBXBuildFile; fileRef = D0C900E11BEDFE3400A15F32 /* AppDelegate.swift */; };
		D0C900E71BEDFE3400A15F32 /* Main.storyboard in Resources */ = {isa = PBXBuildFile; fileRef = D0C900E51BEDFE3400A15F32 /* Main.storyboard */; };
		D0C900E91BEDFE3400A15F32 /* Assets.xcassets in Resources */ = {isa = PBXBuildFile; fileRef = D0C900E81BEDFE3400A15F32 /* Assets.xcassets */; };
		D0C900EC1BEDFE3400A15F32 /* LaunchScreen.storyboard in Resources */ = {isa = PBXBuildFile; fileRef = D0C900EA1BEDFE3400A15F32 /* LaunchScreen.storyboard */; };
		D0C900F41BEE03F000A15F32 /* Game.swift in Sources */ = {isa = PBXBuildFile; fileRef = D0C900F31BEE03F000A15F32 /* Game.swift */; };
		D0C900F61BEE4E4900A15F32 /* Numpad.swift in Sources */ = {isa = PBXBuildFile; fileRef = D0C900F51BEE4E4900A15F32 /* Numpad.swift */; };
		D0C900F81BEE7CA900A15F32 /* NumericTaskView.xib in Resources */ = {isa = PBXBuildFile; fileRef = D0C900F71BEE7CA900A15F32 /* NumericTaskView.xib */; };
		D0C900FE1BEE8B7B00A15F32 /* Configuration.swift in Sources */ = {isa = PBXBuildFile; fileRef = D0C900FD1BEE8B7B00A15F32 /* Configuration.swift */; };
		D0C901001BEE8B9800A15F32 /* Task.swift in Sources */ = {isa = PBXBuildFile; fileRef = D0C900FF1BEE8B9800A15F32 /* Task.swift */; };
		D0C901021BEEAFA100A15F32 /* NumericTaskView.swift in Sources */ = {isa = PBXBuildFile; fileRef = D0C901011BEEAFA100A15F32 /* NumericTaskView.swift */; };
		D0C901041BEF7E0500A15F32 /* GameViewController.swift in Sources */ = {isa = PBXBuildFile; fileRef = D0C901031BEF7E0500A15F32 /* GameViewController.swift */; };
		D0C901061BEF80E200A15F32 /* GamesListViewController.swift in Sources */ = {isa = PBXBuildFile; fileRef = D0C901051BEF80E200A15F32 /* GamesListViewController.swift */; };
		D0C901081BEF815800A15F32 /* LoadingViewController.swift in Sources */ = {isa = PBXBuildFile; fileRef = D0C901071BEF815800A15F32 /* LoadingViewController.swift */; };
		D0C9010B1BEF8B6400A15F32 /* FSQCollectionViewAlignedLayout.m in Sources */ = {isa = PBXBuildFile; fileRef = D0C9010A1BEF8B6400A15F32 /* FSQCollectionViewAlignedLayout.m */; };
/* End PBXBuildFile section */

/* Begin PBXCopyFilesBuildPhase section */
		D0C0CC1D1C0BA45F00D93B83 /* CopyFiles */ = {
			isa = PBXCopyFilesBuildPhase;
			buildActionMask = 2147483647;
			dstPath = "";
			dstSubfolderSpec = 10;
			files = (
				D0C0CC201C0BA50400D93B83 /* TZStackView.framework in CopyFiles */,
			);
			runOnlyForDeploymentPostprocessing = 0;
		};
/* End PBXCopyFilesBuildPhase section */

/* Begin PBXFileReference section */
		D013F4D71C14861800DF8769 /* ScaleControl.swift */ = {isa = PBXFileReference; fileEncoding = 4; lastKnownFileType = sourcecode.swift; path = ScaleControl.swift; sourceTree = "<group>"; };
		D013F4DC1C163B6600DF8769 /* ScaleTaskView.xib */ = {isa = PBXFileReference; fileEncoding = 4; lastKnownFileType = file.xib; path = ScaleTaskView.xib; sourceTree = "<group>"; };
		D013F4DE1C163B7400DF8769 /* ScaleTaskView.swift */ = {isa = PBXFileReference; fileEncoding = 4; lastKnownFileType = sourcecode.swift; path = ScaleTaskView.swift; sourceTree = "<group>"; };
		D013F4E01C16423900DF8769 /* ScaleTask.swift */ = {isa = PBXFileReference; fileEncoding = 4; lastKnownFileType = sourcecode.swift; path = ScaleTask.swift; sourceTree = "<group>"; };
		D08F523B1BF1368D000F840B /* GameRun.swift */ = {isa = PBXFileReference; fileEncoding = 4; lastKnownFileType = sourcecode.swift; path = GameRun.swift; sourceTree = "<group>"; };
		D08F523F1BF1394A000F840B /* HeaderView.swift */ = {isa = PBXFileReference; fileEncoding = 4; lastKnownFileType = sourcecode.swift; path = HeaderView.swift; sourceTree = "<group>"; };
		D08F52411BF13971000F840B /* GameListCollectionViewCell.swift */ = {isa = PBXFileReference; fileEncoding = 4; lastKnownFileType = sourcecode.swift; path = GameListCollectionViewCell.swift; sourceTree = "<group>"; };
		D08F52431BF15ED2000F840B /* Extensions.swift */ = {isa = PBXFileReference; fileEncoding = 4; lastKnownFileType = sourcecode.swift; path = Extensions.swift; sourceTree = "<group>"; };
		D0A10E271C0FB15C007F0D91 /* GameCompletedViewController.swift */ = {isa = PBXFileReference; fileEncoding = 4; lastKnownFileType = sourcecode.swift; path = GameCompletedViewController.swift; sourceTree = "<group>"; };
		D0B138951BFE7BAF00BEA9C7 /* KKProgressTimer.m */ = {isa = PBXFileReference; fileEncoding = 4; lastKnownFileType = sourcecode.c.objc; path = KKProgressTimer.m; sourceTree = "<group>"; };
		D0B138971BFE7BB400BEA9C7 /* KKProgressTimer.h */ = {isa = PBXFileReference; lastKnownFileType = sourcecode.c.h; path = KKProgressTimer.h; sourceTree = "<group>"; };
		D0B138981BFE8EFB00BEA9C7 /* GameHeaderView.swift */ = {isa = PBXFileReference; fileEncoding = 4; lastKnownFileType = sourcecode.swift; path = GameHeaderView.swift; sourceTree = "<group>"; };
		D0C0CC131C0B4ED300D93B83 /* GameOverViewController.swift */ = {isa = PBXFileReference; fileEncoding = 4; lastKnownFileType = sourcecode.swift; path = GameOverViewController.swift; sourceTree = "<group>"; };
		D0C0CC151C0B541400D93B83 /* GradientView.swift */ = {isa = PBXFileReference; fileEncoding = 4; lastKnownFileType = sourcecode.swift; path = GradientView.swift; sourceTree = "<group>"; };
		D0C0CC171C0B992B00D93B83 /* ClosedEndedTaskView.swift */ = {isa = PBXFileReference; fileEncoding = 4; lastKnownFileType = sourcecode.swift; path = ClosedEndedTaskView.swift; sourceTree = "<group>"; };
		D0C0CC191C0B993500D93B83 /* ClosedEndedTaskView.xib */ = {isa = PBXFileReference; fileEncoding = 4; lastKnownFileType = file.xib; path = ClosedEndedTaskView.xib; sourceTree = "<group>"; };
		D0C0CC1B1C0B9D4700D93B83 /* TZStackView.framework */ = {isa = PBXFileReference; lastKnownFileType = wrapper.framework; name = TZStackView.framework; path = Carthage/Build/iOS/TZStackView.framework; sourceTree = "<group>"; };
		D0C0CC1E1C0BA47A00D93B83 /* TZStackView.framework.dSYM */ = {isa = PBXFileReference; lastKnownFileType = wrapper.dsym; name = TZStackView.framework.dSYM; path = Carthage/Build/iOS/TZStackView.framework.dSYM; sourceTree = "<group>"; };
		D0C0CC221C0BA64C00D93B83 /* ClosedEndedButton.swift */ = {isa = PBXFileReference; fileEncoding = 4; lastKnownFileType = sourcecode.swift; path = ClosedEndedButton.swift; sourceTree = "<group>"; };
		D0C0CC251C0CDAE800D93B83 /* NumericTask.swift */ = {isa = PBXFileReference; fileEncoding = 4; lastKnownFileType = sourcecode.swift; path = NumericTask.swift; sourceTree = "<group>"; };
		D0C0CC271C0CDAF500D93B83 /* ClosedEndedTask.swift */ = {isa = PBXFileReference; fileEncoding = 4; lastKnownFileType = sourcecode.swift; path = ClosedEndedTask.swift; sourceTree = "<group>"; };
		D0C0CC311C0E272700D93B83 /* UnitsGames.swift */ = {isa = PBXFileReference; fileEncoding = 4; lastKnownFileType = sourcecode.swift; path = UnitsGames.swift; sourceTree = "<group>"; };
		D0C0CC331C0E27A800D93B83 /* MoneyGames.swift */ = {isa = PBXFileReference; fileEncoding = 4; lastKnownFileType = sourcecode.swift; path = MoneyGames.swift; sourceTree = "<group>"; };
		D0C900DE1BEDFE3400A15F32 /* EverydayMath.app */ = {isa = PBXFileReference; explicitFileType = wrapper.application; includeInIndex = 0; path = EverydayMath.app; sourceTree = BUILT_PRODUCTS_DIR; };
		D0C900E11BEDFE3400A15F32 /* AppDelegate.swift */ = {isa = PBXFileReference; lastKnownFileType = sourcecode.swift; path = AppDelegate.swift; sourceTree = "<group>"; };
		D0C900E61BEDFE3400A15F32 /* Base */ = {isa = PBXFileReference; lastKnownFileType = file.storyboard; name = Base; path = Base.lproj/Main.storyboard; sourceTree = "<group>"; };
		D0C900E81BEDFE3400A15F32 /* Assets.xcassets */ = {isa = PBXFileReference; lastKnownFileType = folder.assetcatalog; path = Assets.xcassets; sourceTree = "<group>"; };
		D0C900EB1BEDFE3400A15F32 /* Base */ = {isa = PBXFileReference; lastKnownFileType = file.storyboard; name = Base; path = Base.lproj/LaunchScreen.storyboard; sourceTree = "<group>"; };
		D0C900ED1BEDFE3400A15F32 /* Info.plist */ = {isa = PBXFileReference; lastKnownFileType = text.plist.xml; path = Info.plist; sourceTree = "<group>"; };
		D0C900F31BEE03F000A15F32 /* Game.swift */ = {isa = PBXFileReference; fileEncoding = 4; lastKnownFileType = sourcecode.swift; path = Game.swift; sourceTree = "<group>"; };
		D0C900F51BEE4E4900A15F32 /* Numpad.swift */ = {isa = PBXFileReference; fileEncoding = 4; lastKnownFileType = sourcecode.swift; path = Numpad.swift; sourceTree = "<group>"; };
		D0C900F71BEE7CA900A15F32 /* NumericTaskView.xib */ = {isa = PBXFileReference; fileEncoding = 4; lastKnownFileType = file.xib; path = NumericTaskView.xib; sourceTree = "<group>"; };
		D0C900FD1BEE8B7B00A15F32 /* Configuration.swift */ = {isa = PBXFileReference; fileEncoding = 4; lastKnownFileType = sourcecode.swift; path = Configuration.swift; sourceTree = "<group>"; };
		D0C900FF1BEE8B9800A15F32 /* Task.swift */ = {isa = PBXFileReference; fileEncoding = 4; lastKnownFileType = sourcecode.swift; path = Task.swift; sourceTree = "<group>"; };
		D0C901011BEEAFA100A15F32 /* NumericTaskView.swift */ = {isa = PBXFileReference; fileEncoding = 4; lastKnownFileType = sourcecode.swift; path = NumericTaskView.swift; sourceTree = "<group>"; };
		D0C901031BEF7E0500A15F32 /* GameViewController.swift */ = {isa = PBXFileReference; fileEncoding = 4; lastKnownFileType = sourcecode.swift; path = GameViewController.swift; sourceTree = "<group>"; };
		D0C901051BEF80E200A15F32 /* GamesListViewController.swift */ = {isa = PBXFileReference; fileEncoding = 4; lastKnownFileType = sourcecode.swift; path = GamesListViewController.swift; sourceTree = "<group>"; };
		D0C901071BEF815800A15F32 /* LoadingViewController.swift */ = {isa = PBXFileReference; fileEncoding = 4; lastKnownFileType = sourcecode.swift; path = LoadingViewController.swift; sourceTree = "<group>"; };
		D0C901091BEF8B6300A15F32 /* EverydayMath-Bridging-Header.h */ = {isa = PBXFileReference; lastKnownFileType = sourcecode.c.h; path = "EverydayMath-Bridging-Header.h"; sourceTree = "<group>"; };
		D0C9010A1BEF8B6400A15F32 /* FSQCollectionViewAlignedLayout.m */ = {isa = PBXFileReference; fileEncoding = 4; lastKnownFileType = sourcecode.c.objc; path = FSQCollectionViewAlignedLayout.m; sourceTree = "<group>"; };
		D0C9010C1BEF8B6D00A15F32 /* FSQCollectionViewAlignedLayout.h */ = {isa = PBXFileReference; lastKnownFileType = sourcecode.c.h; path = FSQCollectionViewAlignedLayout.h; sourceTree = "<group>"; };
/* End PBXFileReference section */

/* Begin PBXFrameworksBuildPhase section */
		D0C900DB1BEDFE3400A15F32 /* Frameworks */ = {
			isa = PBXFrameworksBuildPhase;
			buildActionMask = 2147483647;
			files = (
				D0C0CC1C1C0B9D4700D93B83 /* TZStackView.framework in Frameworks */,
			);
			runOnlyForDeploymentPostprocessing = 0;
		};
/* End PBXFrameworksBuildPhase section */

/* Begin PBXGroup section */
		D08F523E1BF13941000F840B /* GameList items */ = {
			isa = PBXGroup;
			children = (
				D08F523F1BF1394A000F840B /* HeaderView.swift */,
				D08F52411BF13971000F840B /* GameListCollectionViewCell.swift */,
			);
			name = "GameList items";
			sourceTree = "<group>";
		};
		D0C0CC211C0BA5FD00D93B83 /* Controls */ = {
			isa = PBXGroup;
			children = (
				D0C0CC221C0BA64C00D93B83 /* ClosedEndedButton.swift */,
				D013F4D71C14861800DF8769 /* ScaleControl.swift */,
			);
			name = Controls;
			sourceTree = "<group>";
		};
		D0C0CC291C0CDAFA00D93B83 /* Configuration */ = {
			isa = PBXGroup;
			children = (
				D0C900FD1BEE8B7B00A15F32 /* Configuration.swift */,
				D0C0CC271C0CDAF500D93B83 /* ClosedEndedTask.swift */,
				D0C0CC251C0CDAE800D93B83 /* NumericTask.swift */,
				D013F4E01C16423900DF8769 /* ScaleTask.swift */,
			);
			name = Configuration;
			sourceTree = "<group>";
		};
		D0C0CC301C0E271300D93B83 /* Game */ = {
			isa = PBXGroup;
			children = (
				D0C900F31BEE03F000A15F32 /* Game.swift */,
				D0C0CC311C0E272700D93B83 /* UnitsGames.swift */,
				D0C0CC331C0E27A800D93B83 /* MoneyGames.swift */,
			);
			name = Game;
			sourceTree = "<group>";
		};
		D0C900D51BEDFE3400A15F32 = {
			isa = PBXGroup;
			children = (
				D0C0CC1E1C0BA47A00D93B83 /* TZStackView.framework.dSYM */,
				D0C0CC1B1C0B9D4700D93B83 /* TZStackView.framework */,
				D0C900E01BEDFE3400A15F32 /* EverydayMath */,
				D0C900DF1BEDFE3400A15F32 /* Products */,
			);
			sourceTree = "<group>";
		};
		D0C900DF1BEDFE3400A15F32 /* Products */ = {
			isa = PBXGroup;
			children = (
				D0C900DE1BEDFE3400A15F32 /* EverydayMath.app */,
			);
			name = Products;
			sourceTree = "<group>";
		};
		D0C900E01BEDFE3400A15F32 /* EverydayMath */ = {
			isa = PBXGroup;
			children = (
				D0C900F91BEE87B200A15F32 /* Models */,
				D0C900FA1BEE87B700A15F32 /* Views */,
				D0C900FB1BEE87C600A15F32 /* ViewControllers */,
				D0C900FC1BEE87FF00A15F32 /* Tasks */,
				D0C900E11BEDFE3400A15F32 /* AppDelegate.swift */,
				D0C9010C1BEF8B6D00A15F32 /* FSQCollectionViewAlignedLayout.h */,
				D0C9010A1BEF8B6400A15F32 /* FSQCollectionViewAlignedLayout.m */,
				D0B138971BFE7BB400BEA9C7 /* KKProgressTimer.h */,
				D0B138951BFE7BAF00BEA9C7 /* KKProgressTimer.m */,
				D0C900E51BEDFE3400A15F32 /* Main.storyboard */,
				D0C900E81BEDFE3400A15F32 /* Assets.xcassets */,
				D0C900EA1BEDFE3400A15F32 /* LaunchScreen.storyboard */,
				D0C900ED1BEDFE3400A15F32 /* Info.plist */,
				D0C901091BEF8B6300A15F32 /* EverydayMath-Bridging-Header.h */,
				D08F52431BF15ED2000F840B /* Extensions.swift */,
			);
			path = EverydayMath;
			sourceTree = "<group>";
		};
		D0C900F91BEE87B200A15F32 /* Models */ = {
			isa = PBXGroup;
			children = (
				D0C0CC301C0E271300D93B83 /* Game */,
				D08F523B1BF1368D000F840B /* GameRun.swift */,
				D0C0CC291C0CDAFA00D93B83 /* Configuration */,
				D0C900FF1BEE8B9800A15F32 /* Task.swift */,
			);
			name = Models;
			sourceTree = "<group>";
		};
		D0C900FA1BEE87B700A15F32 /* Views */ = {
			isa = PBXGroup;
			children = (
				D0C0CC211C0BA5FD00D93B83 /* Controls */,
				D08F523E1BF13941000F840B /* GameList items */,
				D0C900F51BEE4E4900A15F32 /* Numpad.swift */,
				D0B138981BFE8EFB00BEA9C7 /* GameHeaderView.swift */,
				D0C0CC151C0B541400D93B83 /* GradientView.swift */,
			);
			name = Views;
			sourceTree = "<group>";
		};
		D0C900FB1BEE87C600A15F32 /* ViewControllers */ = {
			isa = PBXGroup;
			children = (
				D0C901031BEF7E0500A15F32 /* GameViewController.swift */,
				D0C901051BEF80E200A15F32 /* GamesListViewController.swift */,
				D0C901071BEF815800A15F32 /* LoadingViewController.swift */,
				D0C0CC131C0B4ED300D93B83 /* GameOverViewController.swift */,
				D0A10E271C0FB15C007F0D91 /* GameCompletedViewController.swift */,
			);
			name = ViewControllers;
			sourceTree = "<group>";
		};
		D0C900FC1BEE87FF00A15F32 /* Tasks */ = {
			isa = PBXGroup;
			children = (
				D0C900F71BEE7CA900A15F32 /* NumericTaskView.xib */,
				D0C901011BEEAFA100A15F32 /* NumericTaskView.swift */,
				D0C0CC191C0B993500D93B83 /* ClosedEndedTaskView.xib */,
				D0C0CC171C0B992B00D93B83 /* ClosedEndedTaskView.swift */,
				D013F4DC1C163B6600DF8769 /* ScaleTaskView.xib */,
				D013F4DE1C163B7400DF8769 /* ScaleTaskView.swift */,
			);
			name = Tasks;
			sourceTree = "<group>";
		};
/* End PBXGroup section */

/* Begin PBXNativeTarget section */
		D0C900DD1BEDFE3400A15F32 /* EverydayMath */ = {
			isa = PBXNativeTarget;
			buildConfigurationList = D0C900F01BEDFE3400A15F32 /* Build configuration list for PBXNativeTarget "EverydayMath" */;
			buildPhases = (
				D0C900DA1BEDFE3400A15F32 /* Sources */,
				D0C900DB1BEDFE3400A15F32 /* Frameworks */,
				D0C900DC1BEDFE3400A15F32 /* Resources */,
				D0C0CC1D1C0BA45F00D93B83 /* CopyFiles */,
			);
			buildRules = (
			);
			dependencies = (
			);
			name = EverydayMath;
			productName = EverydayMath;
			productReference = D0C900DE1BEDFE3400A15F32 /* EverydayMath.app */;
			productType = "com.apple.product-type.application";
		};
/* End PBXNativeTarget section */

/* Begin PBXProject section */
		D0C900D61BEDFE3400A15F32 /* Project object */ = {
			isa = PBXProject;
			attributes = {
				LastSwiftUpdateCheck = 0710;
				LastUpgradeCheck = 0710;
				ORGANIZATIONNAME = "Petr Zvonicek";
				TargetAttributes = {
					D0C900DD1BEDFE3400A15F32 = {
						CreatedOnToolsVersion = 7.1;
					};
				};
			};
			buildConfigurationList = D0C900D91BEDFE3400A15F32 /* Build configuration list for PBXProject "EverydayMath" */;
			compatibilityVersion = "Xcode 3.2";
			developmentRegion = English;
			hasScannedForEncodings = 0;
			knownRegions = (
				en,
				Base,
			);
			mainGroup = D0C900D51BEDFE3400A15F32;
			productRefGroup = D0C900DF1BEDFE3400A15F32 /* Products */;
			projectDirPath = "";
			projectRoot = "";
			targets = (
				D0C900DD1BEDFE3400A15F32 /* EverydayMath */,
			);
		};
/* End PBXProject section */

/* Begin PBXResourcesBuildPhase section */
		D0C900DC1BEDFE3400A15F32 /* Resources */ = {
			isa = PBXResourcesBuildPhase;
			buildActionMask = 2147483647;
			files = (
				D013F4DD1C163B6600DF8769 /* ScaleTaskView.xib in Resources */,
				D0C900EC1BEDFE3400A15F32 /* LaunchScreen.storyboard in Resources */,
				D0C900F81BEE7CA900A15F32 /* NumericTaskView.xib in Resources */,
				D0C0CC1A1C0B993500D93B83 /* ClosedEndedTaskView.xib in Resources */,
				D0C900E91BEDFE3400A15F32 /* Assets.xcassets in Resources */,
				D0C900E71BEDFE3400A15F32 /* Main.storyboard in Resources */,
			);
			runOnlyForDeploymentPostprocessing = 0;
		};
/* End PBXResourcesBuildPhase section */

/* Begin PBXSourcesBuildPhase section */
		D0C900DA1BEDFE3400A15F32 /* Sources */ = {
			isa = PBXSourcesBuildPhase;
			buildActionMask = 2147483647;
			files = (
				D0C0CC281C0CDAF500D93B83 /* ClosedEndedTask.swift in Sources */,
				D0A10E281C0FB15C007F0D91 /* GameCompletedViewController.swift in Sources */,
				D0C900F61BEE4E4900A15F32 /* Numpad.swift in Sources */,
				D0C900F41BEE03F000A15F32 /* Game.swift in Sources */,
				D0C900FE1BEE8B7B00A15F32 /* Configuration.swift in Sources */,
				D013F4E11C16423900DF8769 /* ScaleTask.swift in Sources */,
				D08F523C1BF1368D000F840B /* GameRun.swift in Sources */,
				D013F4DF1C163B7400DF8769 /* ScaleTaskView.swift in Sources */,
				D0C0CC141C0B4ED300D93B83 /* GameOverViewController.swift in Sources */,
				D08F52421BF13971000F840B /* GameListCollectionViewCell.swift in Sources */,
				D0C901041BEF7E0500A15F32 /* GameViewController.swift in Sources */,
				D0C0CC341C0E27A800D93B83 /* MoneyGames.swift in Sources */,
				D0C901061BEF80E200A15F32 /* GamesListViewController.swift in Sources */,
				D0C0CC161C0B541400D93B83 /* GradientView.swift in Sources */,
				D0C0CC261C0CDAE800D93B83 /* NumericTask.swift in Sources */,
				D0C0CC321C0E272700D93B83 /* UnitsGames.swift in Sources */,
				D0C901081BEF815800A15F32 /* LoadingViewController.swift in Sources */,
				D08F52401BF1394A000F840B /* HeaderView.swift in Sources */,
				D0C0CC181C0B992B00D93B83 /* ClosedEndedTaskView.swift in Sources */,
				D0C0CC231C0BA64C00D93B83 /* ClosedEndedButton.swift in Sources */,
				D0B138961BFE7BAF00BEA9C7 /* KKProgressTimer.m in Sources */,
				D0C901001BEE8B9800A15F32 /* Task.swift in Sources */,
				D0C901021BEEAFA100A15F32 /* NumericTaskView.swift in Sources */,
				D0C9010B1BEF8B6400A15F32 /* FSQCollectionViewAlignedLayout.m in Sources */,
				D0B138991BFE8EFB00BEA9C7 /* GameHeaderView.swift in Sources */,
				D0C900E21BEDFE3400A15F32 /* AppDelegate.swift in Sources */,
				D013F4D81C14861800DF8769 /* ScaleControl.swift in Sources */,
				D08F52441BF15ED2000F840B /* Extensions.swift in Sources */,
			);
			runOnlyForDeploymentPostprocessing = 0;
		};
/* End PBXSourcesBuildPhase section */

/* Begin PBXVariantGroup section */
		D0C900E51BEDFE3400A15F32 /* Main.storyboard */ = {
			isa = PBXVariantGroup;
			children = (
				D0C900E61BEDFE3400A15F32 /* Base */,
			);
			name = Main.storyboard;
			sourceTree = "<group>";
		};
		D0C900EA1BEDFE3400A15F32 /* LaunchScreen.storyboard */ = {
			isa = PBXVariantGroup;
			children = (
				D0C900EB1BEDFE3400A15F32 /* Base */,
			);
			name = LaunchScreen.storyboard;
			sourceTree = "<group>";
		};
/* End PBXVariantGroup section */

/* Begin XCBuildConfiguration section */
		D0C900EE1BEDFE3400A15F32 /* Debug */ = {
			isa = XCBuildConfiguration;
			buildSettings = {
				ALWAYS_SEARCH_USER_PATHS = NO;
				CLANG_CXX_LANGUAGE_STANDARD = "gnu++0x";
				CLANG_CXX_LIBRARY = "libc++";
				CLANG_ENABLE_MODULES = YES;
				CLANG_ENABLE_OBJC_ARC = YES;
				CLANG_WARN_BOOL_CONVERSION = YES;
				CLANG_WARN_CONSTANT_CONVERSION = YES;
				CLANG_WARN_DIRECT_OBJC_ISA_USAGE = YES_ERROR;
				CLANG_WARN_EMPTY_BODY = YES;
				CLANG_WARN_ENUM_CONVERSION = YES;
				CLANG_WARN_INT_CONVERSION = YES;
				CLANG_WARN_OBJC_ROOT_CLASS = YES_ERROR;
				CLANG_WARN_UNREACHABLE_CODE = YES;
				CLANG_WARN__DUPLICATE_METHOD_MATCH = YES;
				"CODE_SIGN_IDENTITY[sdk=iphoneos*]" = "iPhone Developer";
				COPY_PHASE_STRIP = NO;
				DEBUG_INFORMATION_FORMAT = dwarf;
				ENABLE_STRICT_OBJC_MSGSEND = YES;
				ENABLE_TESTABILITY = YES;
				GCC_C_LANGUAGE_STANDARD = gnu99;
				GCC_DYNAMIC_NO_PIC = NO;
				GCC_NO_COMMON_BLOCKS = YES;
				GCC_OPTIMIZATION_LEVEL = 0;
				GCC_PREPROCESSOR_DEFINITIONS = (
					"DEBUG=1",
					"$(inherited)",
				);
				GCC_WARN_64_TO_32_BIT_CONVERSION = YES;
				GCC_WARN_ABOUT_RETURN_TYPE = YES_ERROR;
				GCC_WARN_UNDECLARED_SELECTOR = YES;
				GCC_WARN_UNINITIALIZED_AUTOS = YES_AGGRESSIVE;
				GCC_WARN_UNUSED_FUNCTION = YES;
				GCC_WARN_UNUSED_VARIABLE = YES;
				IPHONEOS_DEPLOYMENT_TARGET = 9.1;
				MTL_ENABLE_DEBUG_INFO = YES;
				ONLY_ACTIVE_ARCH = YES;
				SDKROOT = iphoneos;
				SWIFT_OPTIMIZATION_LEVEL = "-Onone";
				TARGETED_DEVICE_FAMILY = "1,2";
			};
			name = Debug;
		};
		D0C900EF1BEDFE3400A15F32 /* Release */ = {
			isa = XCBuildConfiguration;
			buildSettings = {
				ALWAYS_SEARCH_USER_PATHS = NO;
				CLANG_CXX_LANGUAGE_STANDARD = "gnu++0x";
				CLANG_CXX_LIBRARY = "libc++";
				CLANG_ENABLE_MODULES = YES;
				CLANG_ENABLE_OBJC_ARC = YES;
				CLANG_WARN_BOOL_CONVERSION = YES;
				CLANG_WARN_CONSTANT_CONVERSION = YES;
				CLANG_WARN_DIRECT_OBJC_ISA_USAGE = YES_ERROR;
				CLANG_WARN_EMPTY_BODY = YES;
				CLANG_WARN_ENUM_CONVERSION = YES;
				CLANG_WARN_INT_CONVERSION = YES;
				CLANG_WARN_OBJC_ROOT_CLASS = YES_ERROR;
				CLANG_WARN_UNREACHABLE_CODE = YES;
				CLANG_WARN__DUPLICATE_METHOD_MATCH = YES;
				"CODE_SIGN_IDENTITY[sdk=iphoneos*]" = "iPhone Developer";
				COPY_PHASE_STRIP = NO;
				DEBUG_INFORMATION_FORMAT = "dwarf-with-dsym";
				ENABLE_NS_ASSERTIONS = NO;
				ENABLE_STRICT_OBJC_MSGSEND = YES;
				GCC_C_LANGUAGE_STANDARD = gnu99;
				GCC_NO_COMMON_BLOCKS = YES;
				GCC_WARN_64_TO_32_BIT_CONVERSION = YES;
				GCC_WARN_ABOUT_RETURN_TYPE = YES_ERROR;
				GCC_WARN_UNDECLARED_SELECTOR = YES;
				GCC_WARN_UNINITIALIZED_AUTOS = YES_AGGRESSIVE;
				GCC_WARN_UNUSED_FUNCTION = YES;
				GCC_WARN_UNUSED_VARIABLE = YES;
				IPHONEOS_DEPLOYMENT_TARGET = 9.1;
				MTL_ENABLE_DEBUG_INFO = NO;
				SDKROOT = iphoneos;
				TARGETED_DEVICE_FAMILY = "1,2";
				VALIDATE_PRODUCT = YES;
			};
			name = Release;
		};
		D0C900F11BEDFE3400A15F32 /* Debug */ = {
			isa = XCBuildConfiguration;
			buildSettings = {
				ASSETCATALOG_COMPILER_APPICON_NAME = AppIcon;
				CLANG_ENABLE_MODULES = YES;
				FRAMEWORK_SEARCH_PATHS = (
					"$(inherited)",
					"$(PROJECT_DIR)/Carthage/Build/iOS",
				);
				INFOPLIST_FILE = EverydayMath/Info.plist;
				IPHONEOS_DEPLOYMENT_TARGET = 8.0;
				LD_RUNPATH_SEARCH_PATHS = "$(inherited) @executable_path/Frameworks";
				PRODUCT_BUNDLE_IDENTIFIER = cz.petrzvonicek.EverydayMath;
				PRODUCT_NAME = "$(TARGET_NAME)";
				SWIFT_OBJC_BRIDGING_HEADER = "EverydayMath/EverydayMath-Bridging-Header.h";
				SWIFT_OPTIMIZATION_LEVEL = "-Onone";
			};
			name = Debug;
		};
		D0C900F21BEDFE3400A15F32 /* Release */ = {
			isa = XCBuildConfiguration;
			buildSettings = {
				ASSETCATALOG_COMPILER_APPICON_NAME = AppIcon;
				CLANG_ENABLE_MODULES = YES;
				FRAMEWORK_SEARCH_PATHS = (
					"$(inherited)",
					"$(PROJECT_DIR)/Carthage/Build/iOS",
				);
				INFOPLIST_FILE = EverydayMath/Info.plist;
				IPHONEOS_DEPLOYMENT_TARGET = 8.0;
				LD_RUNPATH_SEARCH_PATHS = "$(inherited) @executable_path/Frameworks";
				PRODUCT_BUNDLE_IDENTIFIER = cz.petrzvonicek.EverydayMath;
				PRODUCT_NAME = "$(TARGET_NAME)";
				SWIFT_OBJC_BRIDGING_HEADER = "EverydayMath/EverydayMath-Bridging-Header.h";
			};
			name = Release;
		};
/* End XCBuildConfiguration section */

/* Begin XCConfigurationList section */
		D0C900D91BEDFE3400A15F32 /* Build configuration list for PBXProject "EverydayMath" */ = {
			isa = XCConfigurationList;
			buildConfigurations = (
				D0C900EE1BEDFE3400A15F32 /* Debug */,
				D0C900EF1BEDFE3400A15F32 /* Release */,
			);
			defaultConfigurationIsVisible = 0;
			defaultConfigurationName = Release;
		};
		D0C900F01BEDFE3400A15F32 /* Build configuration list for PBXNativeTarget "EverydayMath" */ = {
			isa = XCConfigurationList;
			buildConfigurations = (
				D0C900F11BEDFE3400A15F32 /* Debug */,
				D0C900F21BEDFE3400A15F32 /* Release */,
			);
			defaultConfigurationIsVisible = 0;
			defaultConfigurationName = Release;
		};
/* End XCConfigurationList section */
	};
	rootObject = D0C900D61BEDFE3400A15F32 /* Project object */;
}
